// !$*UTF8*$!
{
	archiveVersion = 1;
	classes = {
	};
	objectVersion = 46;
	objects = {

/* Begin PBXBuildFile section */
		59D281941E7E9CD8004BA068 /* AppDelegate.swift in Sources */ = {isa = PBXBuildFile; fileRef = 59D281931E7E9CD8004BA068 /* AppDelegate.swift */; };
		59D281961E7E9CD8004BA068 /* ViewController.swift in Sources */ = {isa = PBXBuildFile; fileRef = 59D281951E7E9CD8004BA068 /* ViewController.swift */; };
		59D281991E7E9CD8004BA068 /* Main.storyboard in Resources */ = {isa = PBXBuildFile; fileRef = 59D281971E7E9CD8004BA068 /* Main.storyboard */; };
		59D2819B1E7E9CD8004BA068 /* Assets.xcassets in Resources */ = {isa = PBXBuildFile; fileRef = 59D2819A1E7E9CD8004BA068 /* Assets.xcassets */; };
		59D2819E1E7E9CD8004BA068 /* LaunchScreen.storyboard in Resources */ = {isa = PBXBuildFile; fileRef = 59D2819C1E7E9CD8004BA068 /* LaunchScreen.storyboard */; };
		59D281A61E7E9D9A004BA068 /* ResultViewController.swift in Sources */ = {isa = PBXBuildFile; fileRef = 59D281A51E7E9D9A004BA068 /* ResultViewController.swift */; };
/* End PBXBuildFile section */

/* Begin PBXFileReference section */
		59D281901E7E9CD8004BA068 /* SecondKadaiApp.app */ = {isa = PBXFileReference; explicitFileType = wrapper.application; includeInIndex = 0; path = SecondKadaiApp.app; sourceTree = BUILT_PRODUCTS_DIR; };
		59D281931E7E9CD8004BA068 /* AppDelegate.swift */ = {isa = PBXFileReference; lastKnownFileType = sourcecode.swift; path = AppDelegate.swift; sourceTree = "<group>"; };
		59D281951E7E9CD8004BA068 /* ViewController.swift */ = {isa = PBXFileReference; lastKnownFileType = sourcecode.swift; path = ViewController.swift; sourceTree = "<group>"; };
		59D281981E7E9CD8004BA068 /* Base */ = {isa = PBXFileReference; lastKnownFileType = file.storyboard; name = Base; path = Base.lproj/Main.storyboard; sourceTree = "<group>"; };
		59D2819A1E7E9CD8004BA068 /* Assets.xcassets */ = {isa = PBXFileReference; lastKnownFileType = folder.assetcatalog; path = Assets.xcassets; sourceTree = "<group>"; };
		59D2819D1E7E9CD8004BA068 /* Base */ = {isa = PBXFileReference; lastKnownFileType = file.storyboard; name = Base; path = Base.lproj/LaunchScreen.storyboard; sourceTree = "<group>"; };
		59D2819F1E7E9CD8004BA068 /* Info.plist */ = {isa = PBXFileReference; lastKnownFileType = text.plist.xml; path = Info.plist; sourceTree = "<group>"; };
		59D281A51E7E9D9A004BA068 /* ResultViewController.swift */ = {isa = PBXFileReference; fileEncoding = 4; lastKnownFileType = sourcecode.swift; path = ResultViewController.swift; sourceTree = "<group>"; };
/* End PBXFileReference section */

/* Begin PBXFrameworksBuildPhase section */
		59D2818D1E7E9CD8004BA068 /* Frameworks */ = {
			isa = PBXFrameworksBuildPhase;
			buildActionMask = 2147483647;
			files = (
			);
			runOnlyForDeploymentPostprocessing = 0;
		};
/* End PBXFrameworksBuildPhase section */

/* Begin PBXGroup section */
		59D281871E7E9CD8004BA068 = {
			isa = PBXGroup;
			children = (
				59D281921E7E9CD8004BA068 /* SecondKadaiApp */,
				59D281911E7E9CD8004BA068 /* Products */,
			);
			sourceTree = "<group>";
		};
		59D281911E7E9CD8004BA068 /* Products */ = {
			isa = PBXGroup;
			children = (
				59D281901E7E9CD8004BA068 /* SecondKadaiApp.app */,
			);
			name = Products;
			sourceTree = "<group>";
		};
		59D281921E7E9CD8004BA068 /* SecondKadaiApp */ = {
			isa = PBXGroup;
			children = (
				59D281931E7E9CD8004BA068 /* AppDelegate.swift */,
				59D281951E7E9CD8004BA068 /* ViewController.swift */,
				59D281971E7E9CD8004BA068 /* Main.storyboard */,
				59D281A51E7E9D9A004BA068 /* ResultViewController.swift */,
				59D2819A1E7E9CD8004BA068 /* Assets.xcassets */,
				59D2819C1E7E9CD8004BA068 /* LaunchScreen.storyboard */,
				59D2819F1E7E9CD8004BA068 /* Info.plist */,
			);
			path = SecondKadaiApp;
			sourceTree = "<group>";
		};
/* End PBXGroup section */

/* Begin PBXNativeTarget section */
		59D2818F1E7E9CD8004BA068 /* SecondKadaiApp */ = {
			isa = PBXNativeTarget;
			buildConfigurationList = 59D281A21E7E9CD8004BA068 /* Build configuration list for PBXNativeTarget "SecondKadaiApp" */;
			buildPhases = (
				59D2818C1E7E9CD8004BA068 /* Sources */,
				59D2818D1E7E9CD8004BA068 /* Frameworks */,
				59D2818E1E7E9CD8004BA068 /* Resources */,
			);
			buildRules = (
			);
			dependencies = (
			);
			name = SecondKadaiApp;
			productName = SecondKadaiApp;
			productReference = 59D281901E7E9CD8004BA068 /* SecondKadaiApp.app */;
			productType = "com.apple.product-type.application";
		};
/* End PBXNativeTarget section */

/* Begin PBXProject section */
		59D281881E7E9CD8004BA068 /* Project object */ = {
			isa = PBXProject;
			attributes = {
				LastSwiftUpdateCheck = 0820;
				LastUpgradeCheck = 0820;
				ORGANIZATIONNAME = tomooty;
				TargetAttributes = {
					59D2818F1E7E9CD8004BA068 = {
						CreatedOnToolsVersion = 8.2.1;
						DevelopmentTeam = QLRWJVNK9X;
						ProvisioningStyle = Automatic;
					};
				};
			};
			buildConfigurationList = 59D2818B1E7E9CD8004BA068 /* Build configuration list for PBXProject "SecondKadaiApp" */;
			compatibilityVersion = "Xcode 3.2";
			developmentRegion = English;
			hasScannedForEncodings = 0;
			knownRegions = (
				en,
				Base,
			);
			mainGroup = 59D281871E7E9CD8004BA068;
			productRefGroup = 59D281911E7E9CD8004BA068 /* Products */;
			projectDirPath = "";
			projectRoot = "";
			targets = (
				59D2818F1E7E9CD8004BA068 /* SecondKadaiApp */,
			);
		};
/* End PBXProject section */

/* Begin PBXResourcesBuildPhase section */
		59D2818E1E7E9CD8004BA068 /* Resources */ = {
			isa = PBXResourcesBuildPhase;
			buildActionMask = 2147483647;
			files = (
				59D2819E1E7E9CD8004BA068 /* LaunchScreen.storyboard in Resources */,
				59D2819B1E7E9CD8004BA068 /* Assets.xcassets in Resources */,
				59D281991E7E9CD8004BA068 /* Main.storyboard in Resources */,
			);
			runOnlyForDeploymentPostprocessing = 0;
		};
/* End PBXResourcesBuildPhase section */

/* Begin PBXSourcesBuildPhase section */
		59D2818C1E7E9CD8004BA068 /* Sources */ = {
			isa = PBXSourcesBuildPhase;
			buildActionMask = 2147483647;
			files = (
				59D281961E7E9CD8004BA068 /* ViewController.swift in Sources */,
				59D281941E7E9CD8004BA068 /* AppDelegate.swift in Sources */,
				59D281A61E7E9D9A004BA068 /* ResultViewController.swift in Sources */,
			);
			runOnlyForDeploymentPostprocessing = 0;
		};
/* End PBXSourcesBuildPhase section */

/* Begin PBXVariantGroup section */
		59D281971E7E9CD8004BA068 /* Main.storyboard */ = {
			isa = PBXVariantGroup;
			children = (
				59D281981E7E9CD8004BA068 /* Base */,
			);
			name = Main.storyboard;
			sourceTree = "<group>";
		};
		59D2819C1E7E9CD8004BA068 /* LaunchScreen.storyboard */ = {
			isa = PBXVariantGroup;
			children = (
				59D2819D1E7E9CD8004BA068 /* Base */,
			);
			name = LaunchScreen.storyboard;
			sourceTree = "<group>";
		};
/* End PBXVariantGroup section */

/* Begin XCBuildConfiguration section */
		59D281A01E7E9CD8004BA068 /* Debug */ = {
			isa = XCBuildConfiguration;
			buildSettings = {
				ALWAYS_SEARCH_USER_PATHS = NO;
				CLANG_ANALYZER_NONNULL = YES;
				CLANG_CXX_LANGUAGE_STANDARD = "gnu++0x";
				CLANG_CXX_LIBRARY = "libc++";
				CLANG_ENABLE_MODULES = YES;
				CLANG_ENABLE_OBJC_ARC = YES;
				CLANG_WARN_BOOL_CONVERSION = YES;
				CLANG_WARN_CONSTANT_CONVERSION = YES;
				CLANG_WARN_DIRECT_OBJC_ISA_USAGE = YES_ERROR;
				CLANG_WARN_DOCUMENTATION_COMMENTS = YES;
				CLANG_WARN_EMPTY_BODY = YES;
				CLANG_WARN_ENUM_CONVERSION = YES;
				CLANG_WARN_INFINITE_RECURSION = YES;
				CLANG_WARN_INT_CONVERSION = YES;
				CLANG_WARN_OBJC_ROOT_CLASS = YES_ERROR;
				CLANG_WARN_SUSPICIOUS_MOVE = YES;
				CLANG_WARN_UNREACHABLE_CODE = YES;
				CLANG_WARN__DUPLICATE_METHOD_MATCH = YES;
				"CODE_SIGN_IDENTITY[sdk=iphoneos*]" = "iPhone Developer";
				COPY_PHASE_STRIP = NO;
				DEBUG_INFORMATION_FORMAT = dwarf;
				ENABLE_STRICT_OBJC_MSGSEND = YES;
				ENABLE_TESTABILITY = YES;
				GCC_C_LANGUAGE_STANDARD = gnu99;
				GCC_DYNAMIC_NO_PIC = NO;
				GCC_NO_COMMON_BLOCKS = YES;
				GCC_OPTIMIZATION_LEVEL = 0;
				GCC_PREPROCESSOR_DEFINITIONS = (
					"DEBUG=1",
					"$(inherited)",
				);
				GCC_WARN_64_TO_32_BIT_CONVERSION = YES;
				GCC_WARN_ABOUT_RETURN_TYPE = YES_ERROR;
				GCC_WARN_UNDECLARED_SELECTOR = YES;
				GCC_WARN_UNINITIALIZED_AUTOS = YES_AGGRESSIVE;
				GCC_WARN_UNUSED_FUNCTION = YES;
				GCC_WARN_UNUSED_VARIABLE = YES;
				IPHONEOS_DEPLOYMENT_TARGET = 10.2;
				MTL_ENABLE_DEBUG_INFO = YES;
				ONLY_ACTIVE_ARCH = YES;
				SDKROOT = iphoneos;
				SWIFT_ACTIVE_COMPILATION_CONDITIONS = DEBUG;
				SWIFT_OPTIMIZATION_LEVEL = "-Onone";
			};
			name = Debug;
		};
		59D281A11E7E9CD8004BA068 /* Release */ = {
			isa = XCBuildConfiguration;
			buildSettings = {
				ALWAYS_SEARCH_USER_PATHS = NO;
				CLANG_ANALYZER_NONNULL = YES;
				CLANG_CXX_LANGUAGE_STANDARD = "gnu++0x";
				CLANG_CXX_LIBRARY = "libc++";
				CLANG_ENABLE_MODULES = YES;
				CLANG_ENABLE_OBJC_ARC = YES;
				CLANG_WARN_BOOL_CONVERSION = YES;
				CLANG_WARN_CONSTANT_CONVERSION = YES;
				CLANG_WARN_DIRECT_OBJC_ISA_USAGE = YES_ERROR;
				CLANG_WARN_DOCUMENTATION_COMMENTS = YES;
				CLANG_WARN_EMPTY_BODY = YES;
				CLANG_WARN_ENUM_CONVERSION = YES;
				CLANG_WARN_INFINITE_RECURSION = YES;
				CLANG_WARN_INT_CONVERSION = YES;
				CLANG_WARN_OBJC_ROOT_CLASS = YES_ERROR;
				CLANG_WARN_SUSPICIOUS_MOVE = YES;
				CLANG_WARN_UNREACHABLE_CODE = YES;
				CLANG_WARN__DUPLICATE_METHOD_MATCH = YES;
				"CODE_SIGN_IDENTITY[sdk=iphoneos*]" = "iPhone Developer";
				COPY_PHASE_STRIP = NO;
				DEBUG_INFORMATION_FORMAT = "dwarf-with-dsym";
				ENABLE_NS_ASSERTIONS = NO;
				ENABLE_STRICT_OBJC_MSGSEND = YES;
				GCC_C_LANGUAGE_STANDARD = gnu99;
				GCC_NO_COMMON_BLOCKS = YES;
				GCC_WARN_64_TO_32_BIT_CONVERSION = YES;
				GCC_WARN_ABOUT_RETURN_TYPE = YES_ERROR;
				GCC_WARN_UNDECLARED_SELECTOR = YES;
				GCC_WARN_UNINITIALIZED_AUTOS = YES_AGGRESSIVE;
				GCC_WARN_UNUSED_FUNCTION = YES;
				GCC_WARN_UNUSED_VARIABLE = YES;
				IPHONEOS_DEPLOYMENT_TARGET = 10.2;
				MTL_ENABLE_DEBUG_INFO = NO;
				SDKROOT = iphoneos;
				SWIFT_OPTIMIZATION_LEVEL = "-Owholemodule";
				VALIDATE_PRODUCT = YES;
			};
			name = Release;
		};
		59D281A31E7E9CD8004BA068 /* Debug */ = {
			isa = XCBuildConfiguration;
			buildSettings = {
				ASSETCATALOG_COMPILER_APPICON_NAME = AppIcon;
				DEVELOPMENT_TEAM = QLRWJVNK9X;
				INFOPLIST_FILE = SecondKadaiApp/Info.plist;
				LD_RUNPATH_SEARCH_PATHS = "$(inherited) @executable_path/Frameworks";
				PRODUCT_BUNDLE_IDENTIFIER = jp.techacademy.tomooty.SecondKadaiApp;
				PRODUCT_NAME = "$(TARGET_NAME)";
				SWIFT_VERSION = 3.0;
			};
			name = Debug;
		};
		59D281A41E7E9CD8004BA068 /* Release */ = {
			isa = XCBuildConfiguration;
			buildSettings = {
				ASSETCATALOG_COMPILER_APPICON_NAME = AppIcon;
				DEVELOPMENT_TEAM = QLRWJVNK9X;
				INFOPLIST_FILE = SecondKadaiApp/Info.plist;
				LD_RUNPATH_SEARCH_PATHS = "$(inherited) @executable_path/Frameworks";
				PRODUCT_BUNDLE_IDENTIFIER = jp.techacademy.tomooty.SecondKadaiApp;
				PRODUCT_NAME = "$(TARGET_NAME)";
				SWIFT_VERSION = 3.0;
			};
			name = Release;
		};
/* End XCBuildConfiguration section */

/* Begin XCConfigurationList section */
		59D2818B1E7E9CD8004BA068 /* Build configuration list for PBXProject "SecondKadaiApp" */ = {
			isa = XCConfigurationList;
			buildConfigurations = (
				59D281A01E7E9CD8004BA068 /* Debug */,
				59D281A11E7E9CD8004BA068 /* Release */,
			);
			defaultConfigurationIsVisible = 0;
			defaultConfigurationName = Release;
		};
		59D281A21E7E9CD8004BA068 /* Build configuration list for PBXNativeTarget "SecondKadaiApp" */ = {
			isa = XCConfigurationList;
			buildConfigurations = (
				59D281A31E7E9CD8004BA068 /* Debug */,
				59D281A41E7E9CD8004BA068 /* Release */,
			);
			defaultConfigurationIsVisible = 0;
		};
/* End XCConfigurationList section */
	};
	rootObject = 59D281881E7E9CD8004BA068 /* Project object */;
}
